
Microsoft Visual Studio Solution File, Format Version 12.00
# Visual Studio Version 16
VisualStudioVersion = 16.0.30711.63
MinimumVisualStudioVersion = 10.0.40219.1
Project("{FAE04EC0-301F-11D3-BF4B-00C04F79EFBC}") = "ClothingStore", "ClothingStore\ClothingStore.csproj", "{88EBD4E8-B3AA-4EC7-A611-3E4615A2C99F}"
EndProject
Project("{FAE04EC0-301F-11D3-BF4B-00C04F79EFBC}") = "ClothingStoreModels", "ClothingStoreModels\ClothingStoreModels.csproj", "{454D4E8C-B9DA-4081-B601-C03FBD64D4D1}"
EndProject
Project("{FAE04EC0-301F-11D3-BF4B-00C04F79EFBC}") = "ClothingStoreData", "ClothingStoreData\ClothingStoreData.csproj", "{A4CA5EB0-F966-4C00-A85B-9C5344E47C21}"
EndProject
Global
	GlobalSection(SolutionConfigurationPlatforms) = preSolution
		Debug|Any CPU = Debug|Any CPU
		Release|Any CPU = Release|Any CPU
	EndGlobalSection
	GlobalSection(ProjectConfigurationPlatforms) = postSolution
		{88EBD4E8-B3AA-4EC7-A611-3E4615A2C99F}.Debug|Any CPU.ActiveCfg = Debug|Any CPU
		{88EBD4E8-B3AA-4EC7-A611-3E4615A2C99F}.Debug|Any CPU.Build.0 = Debug|Any CPU
		{88EBD4E8-B3AA-4EC7-A611-3E4615A2C99F}.Release|Any CPU.ActiveCfg = Release|Any CPU
		{88EBD4E8-B3AA-4EC7-A611-3E4615A2C99F}.Release|Any CPU.Build.0 = Release|Any CPU
		{454D4E8C-B9DA-4081-B601-C03FBD64D4D1}.Debug|Any CPU.ActiveCfg = Debug|Any CPU
		{454D4E8C-B9DA-4081-B601-C03FBD64D4D1}.Debug|Any CPU.Build.0 = Debug|Any CPU
		{454D4E8C-B9DA-4081-B601-C03FBD64D4D1}.Release|Any CPU.ActiveCfg = Release|Any CPU
		{454D4E8C-B9DA-4081-B601-C03FBD64D4D1}.Release|Any CPU.Build.0 = Release|Any CPU
		{A4CA5EB0-F966-4C00-A85B-9C5344E47C21}.Debug|Any CPU.ActiveCfg = Debug|Any CPU
		{A4CA5EB0-F966-4C00-A85B-9C5344E47C21}.Debug|Any CPU.Build.0 = Debug|Any CPU
		{A4CA5EB0-F966-4C00-A85B-9C5344E47C21}.Release|Any CPU.ActiveCfg = Release|Any CPU
		{A4CA5EB0-F966-4C00-A85B-9C5344E47C21}.Release|Any CPU.Build.0 = Release|Any CPU
	EndGlobalSection
	GlobalSection(SolutionProperties) = preSolution
		HideSolutionNode = FALSE
	EndGlobalSection
	GlobalSection(ExtensibilityGlobals) = postSolution
		SolutionGuid = {5218F15F-A9E5-45DB-999D-2B898FD54AC8}
	EndGlobalSection
EndGlobal
